
Microsoft Visual Studio Solution File, Format Version 12.00
# Visual Studio 15
VisualStudioVersion = 15.0.27428.2005
MinimumVisualStudioVersion = 10.0.40219.1
Project("{9092AA53-FB77-4645-B42D-1CCCA6BD08BD}") = "tempusdemos", "tempusdemos.njsproj", "{B99FB33A-BA7F-4833-93B3-C4199D1622D5}"
EndProject
Global
	GlobalSection(SolutionConfigurationPlatforms) = preSolution
		Debug|Any CPU = Debug|Any CPU
		Release|Any CPU = Release|Any CPU
	EndGlobalSection
	GlobalSection(ProjectConfigurationPlatforms) = postSolution
		{B99FB33A-BA7F-4833-93B3-C4199D1622D5}.Debug|Any CPU.ActiveCfg = Debug|Any CPU
		{B99FB33A-BA7F-4833-93B3-C4199D1622D5}.Debug|Any CPU.Build.0 = Debug|Any CPU
		{B99FB33A-BA7F-4833-93B3-C4199D1622D5}.Release|Any CPU.ActiveCfg = Release|Any CPU
		{B99FB33A-BA7F-4833-93B3-C4199D1622D5}.Release|Any CPU.Build.0 = Release|Any CPU
	EndGlobalSection
	GlobalSection(SolutionProperties) = preSolution
		HideSolutionNode = FALSE
	EndGlobalSection
	GlobalSection(ExtensibilityGlobals) = postSolution
		SolutionGuid = {9D27894E-20DA-478D-A820-49649D20E9F8}
	EndGlobalSection
EndGlobal
